
Microsoft Visual Studio Solution File, Format Version 12.00
# Visual Studio 15
VisualStudioVersion = 15.0.28010.2036
MinimumVisualStudioVersion = 10.0.40219.1
Project("{FAE04EC0-301F-11D3-BF4B-00C04F79EFBC}") = "NPDApp", "NPDApp\NPDApp.csproj", "{E8C09B9C-575B-4A32-A4D3-A9EE8D7C8386}"
EndProject
Global
	GlobalSection(SolutionConfigurationPlatforms) = preSolution
		Debug|Any CPU = Debug|Any CPU
		Release|Any CPU = Release|Any CPU
	EndGlobalSection
	GlobalSection(ProjectConfigurationPlatforms) = postSolution
		{E8C09B9C-575B-4A32-A4D3-A9EE8D7C8386}.Debug|Any CPU.ActiveCfg = Debug|Any CPU
		{E8C09B9C-575B-4A32-A4D3-A9EE8D7C8386}.Debug|Any CPU.Build.0 = Debug|Any CPU
		{E8C09B9C-575B-4A32-A4D3-A9EE8D7C8386}.Release|Any CPU.ActiveCfg = Release|Any CPU
		{E8C09B9C-575B-4A32-A4D3-A9EE8D7C8386}.Release|Any CPU.Build.0 = Release|Any CPU
	EndGlobalSection
	GlobalSection(SolutionProperties) = preSolution
		HideSolutionNode = FALSE
	EndGlobalSection
	GlobalSection(ExtensibilityGlobals) = postSolution
		SolutionGuid = {165AC26C-1A42-4A0C-93CE-AE5112287F0A}
	EndGlobalSection
EndGlobal
